// !$*UTF8*$!
{
	archiveVersion = 1;
	classes = {
	};
	objectVersion = 46;
	objects = {

/* Begin PBXBuildFile section */
		4106CB9B1C05D05000307F82 /* AppDelegate.swift in Sources */ = {isa = PBXBuildFile; fileRef = 4106CB9A1C05D05000307F82 /* AppDelegate.swift */; };
		4106CB9D1C05D05000307F82 /* ViewController.swift in Sources */ = {isa = PBXBuildFile; fileRef = 4106CB9C1C05D05000307F82 /* ViewController.swift */; };
		4106CBA01C05D05000307F82 /* Main.storyboard in Resources */ = {isa = PBXBuildFile; fileRef = 4106CB9E1C05D05000307F82 /* Main.storyboard */; };
		4106CBA21C05D05000307F82 /* Assets.xcassets in Resources */ = {isa = PBXBuildFile; fileRef = 4106CBA11C05D05000307F82 /* Assets.xcassets */; };
		4106CBA51C05D05000307F82 /* LaunchScreen.storyboard in Resources */ = {isa = PBXBuildFile; fileRef = 4106CBA31C05D05000307F82 /* LaunchScreen.storyboard */; };
		62D124B78A989AF706CACCE2 /* Pods_chat_client.framework in Frameworks */ = {isa = PBXBuildFile; fileRef = 986B41998C118D1D175C425A /* Pods_chat_client.framework */; };
/* End PBXBuildFile section */

/* Begin PBXFileReference section */
		4106CB971C05D05000307F82 /* chat-client.app */ = {isa = PBXFileReference; explicitFileType = wrapper.application; includeInIndex = 0; path = "chat-client.app"; sourceTree = BUILT_PRODUCTS_DIR; };
		4106CB9A1C05D05000307F82 /* AppDelegate.swift */ = {isa = PBXFileReference; lastKnownFileType = sourcecode.swift; path = AppDelegate.swift; sourceTree = "<group>"; };
		4106CB9C1C05D05000307F82 /* ViewController.swift */ = {isa = PBXFileReference; lastKnownFileType = sourcecode.swift; path = ViewController.swift; sourceTree = "<group>"; };
		4106CB9F1C05D05000307F82 /* Base */ = {isa = PBXFileReference; lastKnownFileType = file.storyboard; name = Base; path = Base.lproj/Main.storyboard; sourceTree = "<group>"; };
		4106CBA11C05D05000307F82 /* Assets.xcassets */ = {isa = PBXFileReference; lastKnownFileType = folder.assetcatalog; path = Assets.xcassets; sourceTree = "<group>"; };
		4106CBA41C05D05000307F82 /* Base */ = {isa = PBXFileReference; lastKnownFileType = file.storyboard; name = Base; path = Base.lproj/LaunchScreen.storyboard; sourceTree = "<group>"; };
		4106CBA61C05D05000307F82 /* Info.plist */ = {isa = PBXFileReference; lastKnownFileType = text.plist.xml; path = Info.plist; sourceTree = "<group>"; };
		61BAD3F1FCD7867B4D05F79C /* Pods-chat-client.debug.xcconfig */ = {isa = PBXFileReference; includeInIndex = 1; lastKnownFileType = text.xcconfig; name = "Pods-chat-client.debug.xcconfig"; path = "Pods/Target Support Files/Pods-chat-client/Pods-chat-client.debug.xcconfig"; sourceTree = "<group>"; };
		98633CFDA9A16181310D25C7 /* Pods-chat-client.release.xcconfig */ = {isa = PBXFileReference; includeInIndex = 1; lastKnownFileType = text.xcconfig; name = "Pods-chat-client.release.xcconfig"; path = "Pods/Target Support Files/Pods-chat-client/Pods-chat-client.release.xcconfig"; sourceTree = "<group>"; };
		986B41998C118D1D175C425A /* Pods_chat_client.framework */ = {isa = PBXFileReference; explicitFileType = wrapper.framework; includeInIndex = 0; path = Pods_chat_client.framework; sourceTree = BUILT_PRODUCTS_DIR; };
/* End PBXFileReference section */

/* Begin PBXFrameworksBuildPhase section */
		4106CB941C05D05000307F82 /* Frameworks */ = {
			isa = PBXFrameworksBuildPhase;
			buildActionMask = 2147483647;
			files = (
				62D124B78A989AF706CACCE2 /* Pods_chat_client.framework in Frameworks */,
			);
			runOnlyForDeploymentPostprocessing = 0;
		};
/* End PBXFrameworksBuildPhase section */

/* Begin PBXGroup section */
		4106CB8E1C05D05000307F82 = {
			isa = PBXGroup;
			children = (
				4106CB991C05D05000307F82 /* chat-client */,
				4106CB981C05D05000307F82 /* Products */,
				78C318C54C6A87EC2D1738C3 /* Pods */,
				A98BD6BF145DC23468417D13 /* Frameworks */,
			);
			sourceTree = "<group>";
		};
		4106CB981C05D05000307F82 /* Products */ = {
			isa = PBXGroup;
			children = (
				4106CB971C05D05000307F82 /* chat-client.app */,
			);
			name = Products;
			sourceTree = "<group>";
		};
		4106CB991C05D05000307F82 /* chat-client */ = {
			isa = PBXGroup;
			children = (
				4106CB9A1C05D05000307F82 /* AppDelegate.swift */,
				4106CB9C1C05D05000307F82 /* ViewController.swift */,
				4106CB9E1C05D05000307F82 /* Main.storyboard */,
				4106CBA11C05D05000307F82 /* Assets.xcassets */,
				4106CBA31C05D05000307F82 /* LaunchScreen.storyboard */,
				4106CBA61C05D05000307F82 /* Info.plist */,
			);
			path = "chat-client";
			sourceTree = "<group>";
		};
		78C318C54C6A87EC2D1738C3 /* Pods */ = {
			isa = PBXGroup;
			children = (
				61BAD3F1FCD7867B4D05F79C /* Pods-chat-client.debug.xcconfig */,
				98633CFDA9A16181310D25C7 /* Pods-chat-client.release.xcconfig */,
			);
			name = Pods;
			sourceTree = "<group>";
		};
		A98BD6BF145DC23468417D13 /* Frameworks */ = {
			isa = PBXGroup;
			children = (
				986B41998C118D1D175C425A /* Pods_chat_client.framework */,
			);
			name = Frameworks;
			sourceTree = "<group>";
		};
/* End PBXGroup section */

/* Begin PBXNativeTarget section */
		4106CB961C05D05000307F82 /* chat-client */ = {
			isa = PBXNativeTarget;
			buildConfigurationList = 4106CBA91C05D05000307F82 /* Build configuration list for PBXNativeTarget "chat-client" */;
			buildPhases = (
				F2FABC84C083CBEDA06993D7 /* Check Pods Manifest.lock */,
				4106CB931C05D05000307F82 /* Sources */,
				4106CB941C05D05000307F82 /* Frameworks */,
				4106CB951C05D05000307F82 /* Resources */,
				C6494F414F21D382C7646C7B /* Embed Pods Frameworks */,
				F1B4EF451F614D594E96290D /* Copy Pods Resources */,
			);
			buildRules = (
			);
			dependencies = (
			);
			name = "chat-client";
			productName = "chat-client";
			productReference = 4106CB971C05D05000307F82 /* chat-client.app */;
			productType = "com.apple.product-type.application";
		};
/* End PBXNativeTarget section */

/* Begin PBXProject section */
		4106CB8F1C05D05000307F82 /* Project object */ = {
			isa = PBXProject;
			attributes = {
				LastSwiftUpdateCheck = 0710;
				LastUpgradeCheck = 0710;
				ORGANIZATIONNAME = hatu;
				TargetAttributes = {
					4106CB961C05D05000307F82 = {
						CreatedOnToolsVersion = 7.1.1;
					};
				};
			};
			buildConfigurationList = 4106CB921C05D05000307F82 /* Build configuration list for PBXProject "chat-client" */;
			compatibilityVersion = "Xcode 3.2";
			developmentRegion = English;
			hasScannedForEncodings = 0;
			knownRegions = (
				en,
				Base,
			);
			mainGroup = 4106CB8E1C05D05000307F82;
			productRefGroup = 4106CB981C05D05000307F82 /* Products */;
			projectDirPath = "";
			projectRoot = "";
			targets = (
				4106CB961C05D05000307F82 /* chat-client */,
			);
		};
/* End PBXProject section */

/* Begin PBXResourcesBuildPhase section */
		4106CB951C05D05000307F82 /* Resources */ = {
			isa = PBXResourcesBuildPhase;
			buildActionMask = 2147483647;
			files = (
				4106CBA51C05D05000307F82 /* LaunchScreen.storyboard in Resources */,
				4106CBA21C05D05000307F82 /* Assets.xcassets in Resources */,
				4106CBA01C05D05000307F82 /* Main.storyboard in Resources */,
			);
			runOnlyForDeploymentPostprocessing = 0;
		};
/* End PBXResourcesBuildPhase section */

/* Begin PBXShellScriptBuildPhase section */
		C6494F414F21D382C7646C7B /* Embed Pods Frameworks */ = {
			isa = PBXShellScriptBuildPhase;
			buildActionMask = 2147483647;
			files = (
			);
			inputPaths = (
			);
			name = "Embed Pods Frameworks";
			outputPaths = (
			);
			runOnlyForDeploymentPostprocessing = 0;
			shellPath = /bin/sh;
			shellScript = "\"${SRCROOT}/Pods/Target Support Files/Pods-chat-client/Pods-chat-client-frameworks.sh\"\n";
			showEnvVarsInLog = 0;
		};
		F1B4EF451F614D594E96290D /* Copy Pods Resources */ = {
			isa = PBXShellScriptBuildPhase;
			buildActionMask = 2147483647;
			files = (
			);
			inputPaths = (
			);
			name = "Copy Pods Resources";
			outputPaths = (
			);
			runOnlyForDeploymentPostprocessing = 0;
			shellPath = /bin/sh;
			shellScript = "\"${SRCROOT}/Pods/Target Support Files/Pods-chat-client/Pods-chat-client-resources.sh\"\n";
			showEnvVarsInLog = 0;
		};
		F2FABC84C083CBEDA06993D7 /* Check Pods Manifest.lock */ = {
			isa = PBXShellScriptBuildPhase;
			buildActionMask = 2147483647;
			files = (
			);
			inputPaths = (
			);
			name = "Check Pods Manifest.lock";
			outputPaths = (
			);
			runOnlyForDeploymentPostprocessing = 0;
			shellPath = /bin/sh;
			shellScript = "diff \"${PODS_ROOT}/../Podfile.lock\" \"${PODS_ROOT}/Manifest.lock\" > /dev/null\nif [[ $? != 0 ]] ; then\n    cat << EOM\nerror: The sandbox is not in sync with the Podfile.lock. Run 'pod install' or update your CocoaPods installation.\nEOM\n    exit 1\nfi\n";
			showEnvVarsInLog = 0;
		};
/* End PBXShellScriptBuildPhase section */

/* Begin PBXSourcesBuildPhase section */
		4106CB931C05D05000307F82 /* Sources */ = {
			isa = PBXSourcesBuildPhase;
			buildActionMask = 2147483647;
			files = (
				4106CB9D1C05D05000307F82 /* ViewController.swift in Sources */,
				4106CB9B1C05D05000307F82 /* AppDelegate.swift in Sources */,
			);
			runOnlyForDeploymentPostprocessing = 0;
		};
/* End PBXSourcesBuildPhase section */

/* Begin PBXVariantGroup section */
		4106CB9E1C05D05000307F82 /* Main.storyboard */ = {
			isa = PBXVariantGroup;
			children = (
				4106CB9F1C05D05000307F82 /* Base */,
			);
			name = Main.storyboard;
			sourceTree = "<group>";
		};
		4106CBA31C05D05000307F82 /* LaunchScreen.storyboard */ = {
			isa = PBXVariantGroup;
			children = (
				4106CBA41C05D05000307F82 /* Base */,
			);
			name = LaunchScreen.storyboard;
			sourceTree = "<group>";
		};
/* End PBXVariantGroup section */

/* Begin XCBuildConfiguration section */
		4106CBA71C05D05000307F82 /* Debug */ = {
			isa = XCBuildConfiguration;
			buildSettings = {
				ALWAYS_SEARCH_USER_PATHS = NO;
				CLANG_CXX_LANGUAGE_STANDARD = "gnu++0x";
				CLANG_CXX_LIBRARY = "libc++";
				CLANG_ENABLE_MODULES = YES;
				CLANG_ENABLE_OBJC_ARC = YES;
				CLANG_WARN_BOOL_CONVERSION = YES;
				CLANG_WARN_CONSTANT_CONVERSION = YES;
				CLANG_WARN_DIRECT_OBJC_ISA_USAGE = YES_ERROR;
				CLANG_WARN_EMPTY_BODY = YES;
				CLANG_WARN_ENUM_CONVERSION = YES;
				CLANG_WARN_INT_CONVERSION = YES;
				CLANG_WARN_OBJC_ROOT_CLASS = YES_ERROR;
				CLANG_WARN_UNREACHABLE_CODE = YES;
				CLANG_WARN__DUPLICATE_METHOD_MATCH = YES;
				"CODE_SIGN_IDENTITY[sdk=iphoneos*]" = "iPhone Developer";
				COPY_PHASE_STRIP = NO;
				DEBUG_INFORMATION_FORMAT = dwarf;
				ENABLE_STRICT_OBJC_MSGSEND = YES;
				ENABLE_TESTABILITY = YES;
				GCC_C_LANGUAGE_STANDARD = gnu99;
				GCC_DYNAMIC_NO_PIC = NO;
				GCC_NO_COMMON_BLOCKS = YES;
				GCC_OPTIMIZATION_LEVEL = 0;
				GCC_PREPROCESSOR_DEFINITIONS = (
					"DEBUG=1",
					"$(inherited)",
				);
				GCC_WARN_64_TO_32_BIT_CONVERSION = YES;
				GCC_WARN_ABOUT_RETURN_TYPE = YES_ERROR;
				GCC_WARN_UNDECLARED_SELECTOR = YES;
				GCC_WARN_UNINITIALIZED_AUTOS = YES_AGGRESSIVE;
				GCC_WARN_UNUSED_FUNCTION = YES;
				GCC_WARN_UNUSED_VARIABLE = YES;
				IPHONEOS_DEPLOYMENT_TARGET = 9.1;
				MTL_ENABLE_DEBUG_INFO = YES;
				ONLY_ACTIVE_ARCH = YES;
				SDKROOT = iphoneos;
				SWIFT_OPTIMIZATION_LEVEL = "-Onone";
			};
			name = Debug;
		};
		4106CBA81C05D05000307F82 /* Release */ = {
			isa = XCBuildConfiguration;
			buildSettings = {
				ALWAYS_SEARCH_USER_PATHS = NO;
				CLANG_CXX_LANGUAGE_STANDARD = "gnu++0x";
				CLANG_CXX_LIBRARY = "libc++";
				CLANG_ENABLE_MODULES = YES;
				CLANG_ENABLE_OBJC_ARC = YES;
				CLANG_WARN_BOOL_CONVERSION = YES;
				CLANG_WARN_CONSTANT_CONVERSION = YES;
				CLANG_WARN_DIRECT_OBJC_ISA_USAGE = YES_ERROR;
				CLANG_WARN_EMPTY_BODY = YES;
				CLANG_WARN_ENUM_CONVERSION = YES;
				CLANG_WARN_INT_CONVERSION = YES;
				CLANG_WARN_OBJC_ROOT_CLASS = YES_ERROR;
				CLANG_WARN_UNREACHABLE_CODE = YES;
				CLANG_WARN__DUPLICATE_METHOD_MATCH = YES;
				"CODE_SIGN_IDENTITY[sdk=iphoneos*]" = "iPhone Developer";
				COPY_PHASE_STRIP = NO;
				DEBUG_INFORMATION_FORMAT = "dwarf-with-dsym";
				ENABLE_NS_ASSERTIONS = NO;
				ENABLE_STRICT_OBJC_MSGSEND = YES;
				GCC_C_LANGUAGE_STANDARD = gnu99;
				GCC_NO_COMMON_BLOCKS = YES;
				GCC_WARN_64_TO_32_BIT_CONVERSION = YES;
				GCC_WARN_ABOUT_RETURN_TYPE = YES_ERROR;
				GCC_WARN_UNDECLARED_SELECTOR = YES;
				GCC_WARN_UNINITIALIZED_AUTOS = YES_AGGRESSIVE;
				GCC_WARN_UNUSED_FUNCTION = YES;
				GCC_WARN_UNUSED_VARIABLE = YES;
				IPHONEOS_DEPLOYMENT_TARGET = 9.1;
				MTL_ENABLE_DEBUG_INFO = NO;
				SDKROOT = iphoneos;
				VALIDATE_PRODUCT = YES;
			};
			name = Release;
		};
		4106CBAA1C05D05000307F82 /* Debug */ = {
			isa = XCBuildConfiguration;
			baseConfigurationReference = 61BAD3F1FCD7867B4D05F79C /* Pods-chat-client.debug.xcconfig */;
			buildSettings = {
				ASSETCATALOG_COMPILER_APPICON_NAME = AppIcon;
				INFOPLIST_FILE = "chat-client/Info.plist";
				LD_RUNPATH_SEARCH_PATHS = "$(inherited) @executable_path/Frameworks";
				PRODUCT_BUNDLE_IDENTIFIER = "hatu.chat-client";
				PRODUCT_NAME = "$(TARGET_NAME)";
			};
			name = Debug;
		};
		4106CBAB1C05D05000307F82 /* Release */ = {
			isa = XCBuildConfiguration;
			baseConfigurationReference = 98633CFDA9A16181310D25C7 /* Pods-chat-client.release.xcconfig */;
			buildSettings = {
				ASSETCATALOG_COMPILER_APPICON_NAME = AppIcon;
				INFOPLIST_FILE = "chat-client/Info.plist";
				LD_RUNPATH_SEARCH_PATHS = "$(inherited) @executable_path/Frameworks";
				PRODUCT_BUNDLE_IDENTIFIER = "hatu.chat-client";
				PRODUCT_NAME = "$(TARGET_NAME)";
			};
			name = Release;
		};
/* End XCBuildConfiguration section */

/* Begin XCConfigurationList section */
		4106CB921C05D05000307F82 /* Build configuration list for PBXProject "chat-client" */ = {
			isa = XCConfigurationList;
			buildConfigurations = (
				4106CBA71C05D05000307F82 /* Debug */,
				4106CBA81C05D05000307F82 /* Release */,
			);
			defaultConfigurationIsVisible = 0;
			defaultConfigurationName = Release;
		};
		4106CBA91C05D05000307F82 /* Build configuration list for PBXNativeTarget "chat-client" */ = {
			isa = XCConfigurationList;
			buildConfigurations = (
				4106CBAA1C05D05000307F82 /* Debug */,
				4106CBAB1C05D05000307F82 /* Release */,
			);
			defaultConfigurationIsVisible = 0;
			defaultConfigurationName = Release;
		};
/* End XCConfigurationList section */
	};
	rootObject = 4106CB8F1C05D05000307F82 /* Project object */;
}
